Microsoft Visual Studio Solution File, Format Version 12.00
# Visual Studio 2012
Project("{FAE04EC0-301F-11D3-BF4B-00C04F79EFBC}") = "CrispTanlines", "CrispTanlines.csproj", "{311473E7-B68F-4D94-8A9B-0A36A66C6469}"
EndProject
Global
	GlobalSection(SolutionConfigurationPlatforms) = preSolution
	Debug|Any CPU = Debug|Any CPU
	ExportDebug|Any CPU = ExportDebug|Any CPU
	ExportRelease|Any CPU = ExportRelease|Any CPU
	EndGlobalSection
	GlobalSection(ProjectConfigurationPlatforms) = postSolution
		{311473E7-B68F-4D94-8A9B-0A36A66C6469}.Debug|Any CPU.ActiveCfg = Debug|Any CPU
		{311473E7-B68F-4D94-8A9B-0A36A66C6469}.Debug|Any CPU.Build.0 = Debug|Any CPU
		{311473E7-B68F-4D94-8A9B-0A36A66C6469}.ExportDebug|Any CPU.ActiveCfg = ExportDebug|Any CPU
		{311473E7-B68F-4D94-8A9B-0A36A66C6469}.ExportDebug|Any CPU.Build.0 = ExportDebug|Any CPU
		{311473E7-B68F-4D94-8A9B-0A36A66C6469}.ExportRelease|Any CPU.ActiveCfg = ExportRelease|Any CPU
		{311473E7-B68F-4D94-8A9B-0A36A66C6469}.ExportRelease|Any CPU.Build.0 = ExportRelease|Any CPU
	EndGlobalSection
EndGlobal
